{
  "name": "difference-engine-api",
  "version": "1.0.0",
  "lockfileVersion": 3,
  "requires": true,
  "packages": {
    "": {
      "name": "difference-engine-api",
      "version": "1.0.0",
      "dependencies": {
        "@cloudflare/containers": "*"
      }
    },
    "node_modules/@cloudflare/containers": {
      "version": "0.3.5",
      "resolved": "https://registry.npmjs.org/@cloudflare/containers/-/containers-0.3.5.tgz",
      "integrity": "sha512-P6jYEDkw1Q9qWRr9iFBxe1fozI5HfGMY6XrNg/jROPGZykcYrrzOluUqXv+q4N8gIoRXPCqJJ1FGALbTqnYTkg==",
      "license": "MIT OR Apache-2.0"
    }
  }
}
